
Microsoft Visual Studio Solution File, Format Version 12.00
# Visual Studio Version 17
VisualStudioVersion = 17.11.35219.272
MinimumVisualStudioVersion = 10.0.40219.1
Project("{FAE04EC0-301F-11D3-BF4B-00C04F79EFBC}") = "Ice_Task_3", "Ice_Task_3.csproj", "{229BC886-8CEF-4B93-8896-96E7640A72C6}"
EndProject
Global
	GlobalSection(SolutionConfigurationPlatforms) = preSolution
		Debug|Any CPU = Debug|Any CPU
		Release|Any CPU = Release|Any CPU
	EndGlobalSection
	GlobalSection(ProjectConfigurationPlatforms) = postSolution
		{229BC886-8CEF-4B93-8896-96E7640A72C6}.Debug|Any CPU.ActiveCfg = Debug|Any CPU
		{229BC886-8CEF-4B93-8896-96E7640A72C6}.Debug|Any CPU.Build.0 = Debug|Any CPU
		{229BC886-8CEF-4B93-8896-96E7640A72C6}.Release|Any CPU.ActiveCfg = Release|Any CPU
		{229BC886-8CEF-4B93-8896-96E7640A72C6}.Release|Any CPU.Build.0 = Release|Any CPU
	EndGlobalSection
	GlobalSection(SolutionProperties) = preSolution
		HideSolutionNode = FALSE
	EndGlobalSection
	GlobalSection(ExtensibilityGlobals) = postSolution
		SolutionGuid = {1B8A53BB-02A7-4402-938B-E1A9E8DB7690}
	EndGlobalSection
EndGlobal
